
Microsoft Visual Studio Solution File, Format Version 12.00
# Visual Studio 15
VisualStudioVersion = 15.0.27703.2018
MinimumVisualStudioVersion = 10.0.40219.1
Project("{FAE04EC0-301F-11D3-BF4B-00C04F79EFBC}") = "SlotMachine", "SlotMachine\SlotMachine.csproj", "{DD7CC69F-33D6-4C80-A2BB-D196B334F964}"
EndProject
Project("{FAE04EC0-301F-11D3-BF4B-00C04F79EFBC}") = "SlotMachinePlaySample", "SlotMachinePlaySample\SlotMachinePlaySample.csproj", "{FA9A997A-9191-4F4E-9229-888337365E37}"
EndProject
Global
	GlobalSection(SolutionConfigurationPlatforms) = preSolution
		Debug|Any CPU = Debug|Any CPU
		Release|Any CPU = Release|Any CPU
	EndGlobalSection
	GlobalSection(ProjectConfigurationPlatforms) = postSolution
		{DD7CC69F-33D6-4C80-A2BB-D196B334F964}.Debug|Any CPU.ActiveCfg = Debug|Any CPU
		{DD7CC69F-33D6-4C80-A2BB-D196B334F964}.Debug|Any CPU.Build.0 = Debug|Any CPU
		{DD7CC69F-33D6-4C80-A2BB-D196B334F964}.Release|Any CPU.ActiveCfg = Release|Any CPU
		{DD7CC69F-33D6-4C80-A2BB-D196B334F964}.Release|Any CPU.Build.0 = Release|Any CPU
		{FA9A997A-9191-4F4E-9229-888337365E37}.Debug|Any CPU.ActiveCfg = Debug|Any CPU
		{FA9A997A-9191-4F4E-9229-888337365E37}.Debug|Any CPU.Build.0 = Debug|Any CPU
		{FA9A997A-9191-4F4E-9229-888337365E37}.Release|Any CPU.ActiveCfg = Release|Any CPU
		{FA9A997A-9191-4F4E-9229-888337365E37}.Release|Any CPU.Build.0 = Release|Any CPU
	EndGlobalSection
	GlobalSection(SolutionProperties) = preSolution
		HideSolutionNode = FALSE
	EndGlobalSection
	GlobalSection(ExtensibilityGlobals) = postSolution
		SolutionGuid = {D2D4F37F-5E1E-4405-BD29-420ED57A6E6D}
	EndGlobalSection
EndGlobal
